
Microsoft Visual Studio Solution File, Format Version 12.00
# Visual Studio Version 17
VisualStudioVersion = 17.7.34024.191
MinimumVisualStudioVersion = 10.0.40219.1
Project("{FAE04EC0-301F-11D3-BF4B-00C04F79EFBC}") = "LayoutEx2_VictorPholien", "LayoutEx2_VictorPholien\LayoutEx2_VictorPholien.csproj", "{6EDEBD99-34EE-422A-ACAF-6D560E63BE84}"
EndProject
Global
	GlobalSection(SolutionConfigurationPlatforms) = preSolution
		Debug|Any CPU = Debug|Any CPU
		Release|Any CPU = Release|Any CPU
	EndGlobalSection
	GlobalSection(ProjectConfigurationPlatforms) = postSolution
		{6EDEBD99-34EE-422A-ACAF-6D560E63BE84}.Debug|Any CPU.ActiveCfg = Debug|Any CPU
		{6EDEBD99-34EE-422A-ACAF-6D560E63BE84}.Debug|Any CPU.Build.0 = Debug|Any CPU
		{6EDEBD99-34EE-422A-ACAF-6D560E63BE84}.Release|Any CPU.ActiveCfg = Release|Any CPU
		{6EDEBD99-34EE-422A-ACAF-6D560E63BE84}.Release|Any CPU.Build.0 = Release|Any CPU
	EndGlobalSection
	GlobalSection(SolutionProperties) = preSolution
		HideSolutionNode = FALSE
	EndGlobalSection
	GlobalSection(ExtensibilityGlobals) = postSolution
		SolutionGuid = {5D50742C-E373-4764-B4AE-858C32B9D6EC}
	EndGlobalSection
EndGlobal
