
Microsoft Visual Studio Solution File, Format Version 12.00
# Visual Studio Version 17
VisualStudioVersion = 17.7.34018.315
MinimumVisualStudioVersion = 10.0.40219.1
Project("{FAE04EC0-301F-11D3-BF4B-00C04F79EFBC}") = "LayoutEx1_VictorPholien", "LayoutEx1_VictorPholien\LayoutEx1_VictorPholien.csproj", "{855FCF77-6EB3-4631-924B-2BEF314AFA79}"
EndProject
Global
	GlobalSection(SolutionConfigurationPlatforms) = preSolution
		Debug|Any CPU = Debug|Any CPU
		Release|Any CPU = Release|Any CPU
	EndGlobalSection
	GlobalSection(ProjectConfigurationPlatforms) = postSolution
		{855FCF77-6EB3-4631-924B-2BEF314AFA79}.Debug|Any CPU.ActiveCfg = Debug|Any CPU
		{855FCF77-6EB3-4631-924B-2BEF314AFA79}.Debug|Any CPU.Build.0 = Debug|Any CPU
		{855FCF77-6EB3-4631-924B-2BEF314AFA79}.Release|Any CPU.ActiveCfg = Release|Any CPU
		{855FCF77-6EB3-4631-924B-2BEF314AFA79}.Release|Any CPU.Build.0 = Release|Any CPU
	EndGlobalSection
	GlobalSection(SolutionProperties) = preSolution
		HideSolutionNode = FALSE
	EndGlobalSection
	GlobalSection(ExtensibilityGlobals) = postSolution
		SolutionGuid = {46B9468F-6C59-4145-A0D5-48B28EF6E33C}
	EndGlobalSection
EndGlobal
